github.com/certifi/gocertifi v0.0.0-20191021191039-0944d244cd40 h1:xvUo53O5MRZhVMJAxWCJcS5HHrqAiAG9SJ1LpMu6aAI=
github.com/certifi/gocertifi v0.0.0-20191021191039-0944d244cd40/go.mod h1:sGbDF6GwGcLpkNXPUTkMRoywsNa/ol15pxFe6ERfguA=
github.com/elastic/go-elasticsearch v0.0.0 h1:Pd5fqOuBxKxv83b0+xOAJDAkziWYwFinWnBO0y+TZaA=
github.com/elastic/go-elasticsearch/v8 v8.0.0-20191022142200-8efb73c32e7f h1:FvEg3rz1yEoSa+7Gs95IAXfKJalJ+T0ZDNIxvpGmWJc=
github.com/elastic/go-elasticsearch/v8 v8.0.0-20191022142200-8efb73c32e7f/go.mod h1:xe9a/L2aeOgFKKgrO3ibQTnMdpAeL0GC+5/HpGScSa4=
github.com/getsentry/raven-go v0.2.0 h1:no+xWJRb5ZI7eE8TWgIq1jLulQiIoLG0IfYxv5JYMGs=
github.com/getsentry/raven-go v0.2.0/go.mod h1:KungGk8q33+aIAZUIVWZDr2OfAEBsO49PX4NzFV5kcQ=
github.com/pkg/errors v0.8.1 h1:iURUrRGxPUNPdy5/HRSm+Yj6okJ6UtLINN0Q9M4+h3I=
github.com/pkg/errors v0.8.1/go.mod h1:bwawxfHBFNV+L2hUp1rHADufV3IMtnDRdf1r5NINEl0=
